// !$*UTF8*$!
{
	archiveVersion = 1;
	classes = {
	};
	objectVersion = 56;
	objects = {

/* Begin PBXBuildFile section */
		3EFBD3C229670B2D000115F7 /* AppDelegate.swift in Sources */ = {isa = PBXBuildFile; fileRef = 3EFBD3C129670B2D000115F7 /* AppDelegate.swift */; };
		3EFBD3C429670B2D000115F7 /* SceneDelegate.swift in Sources */ = {isa = PBXBuildFile; fileRef = 3EFBD3C329670B2D000115F7 /* SceneDelegate.swift */; };
		3EFBD3C629670B2D000115F7 /* ViewController.swift in Sources */ = {isa = PBXBuildFile; fileRef = 3EFBD3C529670B2D000115F7 /* ViewController.swift */; };
		3EFBD3C929670B2D000115F7 /* Main.storyboard in Resources */ = {isa = PBXBuildFile; fileRef = 3EFBD3C729670B2D000115F7 /* Main.storyboard */; };
		3EFBD3CB29670B2F000115F7 /* Assets.xcassets in Resources */ = {isa = PBXBuildFile; fileRef = 3EFBD3CA29670B2F000115F7 /* Assets.xcassets */; };
		3EFBD3CE29670B2F000115F7 /* LaunchScreen.storyboard in Resources */ = {isa = PBXBuildFile; fileRef = 3EFBD3CC29670B2F000115F7 /* LaunchScreen.storyboard */; };
		3EFBD3D929670B2F000115F7 /* MechanicProTests.swift in Sources */ = {isa = PBXBuildFile; fileRef = 3EFBD3D829670B2F000115F7 /* MechanicProTests.swift */; };
		3EFBD3E329670B2F000115F7 /* MechanicProUITests.swift in Sources */ = {isa = PBXBuildFile; fileRef = 3EFBD3E229670B2F000115F7 /* MechanicProUITests.swift */; };
		3EFBD3E529670B2F000115F7 /* MechanicProUITestsLaunchTests.swift in Sources */ = {isa = PBXBuildFile; fileRef = 3EFBD3E429670B2F000115F7 /* MechanicProUITestsLaunchTests.swift */; };
		3EFBD3F429677518000115F7 /* LoginViewController.swift in Sources */ = {isa = PBXBuildFile; fileRef = 3EFBD3F329677518000115F7 /* LoginViewController.swift */; };
		3EFBD3F629678691000115F7 /* MyCollectionCell1.swift in Sources */ = {isa = PBXBuildFile; fileRef = 3EFBD3F529678691000115F7 /* MyCollectionCell1.swift */; };
		3EFBD3F8296798F4000115F7 /* DetailedViewController.swift in Sources */ = {isa = PBXBuildFile; fileRef = 3EFBD3F7296798F4000115F7 /* DetailedViewController.swift */; };
/* End PBXBuildFile section */

/* Begin PBXContainerItemProxy section */
		3EFBD3D529670B2F000115F7 /* PBXContainerItemProxy */ = {
			isa = PBXContainerItemProxy;
			containerPortal = 3EFBD3B629670B2D000115F7 /* Project object */;
			proxyType = 1;
			remoteGlobalIDString = 3EFBD3BD29670B2D000115F7;
			remoteInfo = MechanicPro;
		};
		3EFBD3DF29670B2F000115F7 /* PBXContainerItemProxy */ = {
			isa = PBXContainerItemProxy;
			containerPortal = 3EFBD3B629670B2D000115F7 /* Project object */;
			proxyType = 1;
			remoteGlobalIDString = 3EFBD3BD29670B2D000115F7;
			remoteInfo = MechanicPro;
		};
/* End PBXContainerItemProxy section */

/* Begin PBXFileReference section */
		3EFBD3BE29670B2D000115F7 /* MechanicPro.app */ = {isa = PBXFileReference; explicitFileType = wrapper.application; includeInIndex = 0; path = MechanicPro.app; sourceTree = BUILT_PRODUCTS_DIR; };
		3EFBD3C129670B2D000115F7 /* AppDelegate.swift */ = {isa = PBXFileReference; lastKnownFileType = sourcecode.swift; path = AppDelegate.swift; sourceTree = "<group>"; };
		3EFBD3C329670B2D000115F7 /* SceneDelegate.swift */ = {isa = PBXFileReference; lastKnownFileType = sourcecode.swift; path = SceneDelegate.swift; sourceTree = "<group>"; };
		3EFBD3C529670B2D000115F7 /* ViewController.swift */ = {isa = PBXFileReference; lastKnownFileType = sourcecode.swift; path = ViewController.swift; sourceTree = "<group>"; };
		3EFBD3C829670B2D000115F7 /* Base */ = {isa = PBXFileReference; lastKnownFileType = file.storyboard; name = Base; path = Base.lproj/Main.storyboard; sourceTree = "<group>"; };
		3EFBD3CA29670B2F000115F7 /* Assets.xcassets */ = {isa = PBXFileReference; lastKnownFileType = folder.assetcatalog; path = Assets.xcassets; sourceTree = "<group>"; };
		3EFBD3CD29670B2F000115F7 /* Base */ = {isa = PBXFileReference; lastKnownFileType = file.storyboard; name = Base; path = Base.lproj/LaunchScreen.storyboard; sourceTree = "<group>"; };
		3EFBD3CF29670B2F000115F7 /* Info.plist */ = {isa = PBXFileReference; lastKnownFileType = text.plist.xml; path = Info.plist; sourceTree = "<group>"; };
		3EFBD3D429670B2F000115F7 /* MechanicProTests.xctest */ = {isa = PBXFileReference; explicitFileType = wrapper.cfbundle; includeInIndex = 0; path = MechanicProTests.xctest; sourceTree = BUILT_PRODUCTS_DIR; };
		3EFBD3D829670B2F000115F7 /* MechanicProTests.swift */ = {isa = PBXFileReference; lastKnownFileType = sourcecode.swift; path = MechanicProTests.swift; sourceTree = "<group>"; };
		3EFBD3DE29670B2F000115F7 /* MechanicProUITests.xctest */ = {isa = PBXFileReference; explicitFileType = wrapper.cfbundle; includeInIndex = 0; path = MechanicProUITests.xctest; sourceTree = BUILT_PRODUCTS_DIR; };
		3EFBD3E229670B2F000115F7 /* MechanicProUITests.swift */ = {isa = PBXFileReference; lastKnownFileType = sourcecode.swift; path = MechanicProUITests.swift; sourceTree = "<group>"; };
		3EFBD3E429670B2F000115F7 /* MechanicProUITestsLaunchTests.swift */ = {isa = PBXFileReference; lastKnownFileType = sourcecode.swift; path = MechanicProUITestsLaunchTests.swift; sourceTree = "<group>"; };
		3EFBD3F329677518000115F7 /* LoginViewController.swift */ = {isa = PBXFileReference; lastKnownFileType = sourcecode.swift; path = LoginViewController.swift; sourceTree = "<group>"; };
		3EFBD3F529678691000115F7 /* MyCollectionCell1.swift */ = {isa = PBXFileReference; lastKnownFileType = sourcecode.swift; path = MyCollectionCell1.swift; sourceTree = "<group>"; };
		3EFBD3F7296798F4000115F7 /* DetailedViewController.swift */ = {isa = PBXFileReference; lastKnownFileType = sourcecode.swift; path = DetailedViewController.swift; sourceTree = "<group>"; };
/* End PBXFileReference section */

/* Begin PBXFrameworksBuildPhase section */
		3EFBD3BB29670B2D000115F7 /* Frameworks */ = {
			isa = PBXFrameworksBuildPhase;
			buildActionMask = 2147483647;
			files = (
			);
			runOnlyForDeploymentPostprocessing = 0;
		};
		3EFBD3D129670B2F000115F7 /* Frameworks */ = {
			isa = PBXFrameworksBuildPhase;
			buildActionMask = 2147483647;
			files = (
			);
			runOnlyForDeploymentPostprocessing = 0;
		};
		3EFBD3DB29670B2F000115F7 /* Frameworks */ = {
			isa = PBXFrameworksBuildPhase;
			buildActionMask = 2147483647;
			files = (
			);
			runOnlyForDeploymentPostprocessing = 0;
		};
/* End PBXFrameworksBuildPhase section */

/* Begin PBXGroup section */
		3EFBD3B529670B2D000115F7 = {
			isa = PBXGroup;
			children = (
				3EFBD3C029670B2D000115F7 /* MechanicPro */,
				3EFBD3D729670B2F000115F7 /* MechanicProTests */,
				3EFBD3E129670B2F000115F7 /* MechanicProUITests */,
				3EFBD3BF29670B2D000115F7 /* Products */,
			);
			sourceTree = "<group>";
		};
		3EFBD3BF29670B2D000115F7 /* Products */ = {
			isa = PBXGroup;
			children = (
				3EFBD3BE29670B2D000115F7 /* MechanicPro.app */,
				3EFBD3D429670B2F000115F7 /* MechanicProTests.xctest */,
				3EFBD3DE29670B2F000115F7 /* MechanicProUITests.xctest */,
			);
			name = Products;
			sourceTree = "<group>";
		};
		3EFBD3C029670B2D000115F7 /* MechanicPro */ = {
			isa = PBXGroup;
			children = (
				3EFBD3C129670B2D000115F7 /* AppDelegate.swift */,
				3EFBD3C329670B2D000115F7 /* SceneDelegate.swift */,
				3EFBD3C529670B2D000115F7 /* ViewController.swift */,
				3EFBD3F7296798F4000115F7 /* DetailedViewController.swift */,
				3EFBD3F329677518000115F7 /* LoginViewController.swift */,
				3EFBD3C729670B2D000115F7 /* Main.storyboard */,
				3EFBD3CA29670B2F000115F7 /* Assets.xcassets */,
				3EFBD3F529678691000115F7 /* MyCollectionCell1.swift */,
				3EFBD3CC29670B2F000115F7 /* LaunchScreen.storyboard */,
				3EFBD3CF29670B2F000115F7 /* Info.plist */,
			);
			path = MechanicPro;
			sourceTree = "<group>";
		};
		3EFBD3D729670B2F000115F7 /* MechanicProTests */ = {
			isa = PBXGroup;
			children = (
				3EFBD3D829670B2F000115F7 /* MechanicProTests.swift */,
			);
			path = MechanicProTests;
			sourceTree = "<group>";
		};
		3EFBD3E129670B2F000115F7 /* MechanicProUITests */ = {
			isa = PBXGroup;
			children = (
				3EFBD3E229670B2F000115F7 /* MechanicProUITests.swift */,
				3EFBD3E429670B2F000115F7 /* MechanicProUITestsLaunchTests.swift */,
			);
			path = MechanicProUITests;
			sourceTree = "<group>";
		};
/* End PBXGroup section */

/* Begin PBXNativeTarget section */
		3EFBD3BD29670B2D000115F7 /* MechanicPro */ = {
			isa = PBXNativeTarget;
			buildConfigurationList = 3EFBD3E829670B2F000115F7 /* Build configuration list for PBXNativeTarget "MechanicPro" */;
			buildPhases = (
				3EFBD3BA29670B2D000115F7 /* Sources */,
				3EFBD3BB29670B2D000115F7 /* Frameworks */,
				3EFBD3BC29670B2D000115F7 /* Resources */,
			);
			buildRules = (
			);
			dependencies = (
			);
			name = MechanicPro;
			productName = MechanicPro;
			productReference = 3EFBD3BE29670B2D000115F7 /* MechanicPro.app */;
			productType = "com.apple.product-type.application";
		};
		3EFBD3D329670B2F000115F7 /* MechanicProTests */ = {
			isa = PBXNativeTarget;
			buildConfigurationList = 3EFBD3EB29670B2F000115F7 /* Build configuration list for PBXNativeTarget "MechanicProTests" */;
			buildPhases = (
				3EFBD3D029670B2F000115F7 /* Sources */,
				3EFBD3D129670B2F000115F7 /* Frameworks */,
				3EFBD3D229670B2F000115F7 /* Resources */,
			);
			buildRules = (
			);
			dependencies = (
				3EFBD3D629670B2F000115F7 /* PBXTargetDependency */,
			);
			name = MechanicProTests;
			productName = MechanicProTests;
			productReference = 3EFBD3D429670B2F000115F7 /* MechanicProTests.xctest */;
			productType = "com.apple.product-type.bundle.unit-test";
		};
		3EFBD3DD29670B2F000115F7 /* MechanicProUITests */ = {
			isa = PBXNativeTarget;
			buildConfigurationList = 3EFBD3EE29670B2F000115F7 /* Build configuration list for PBXNativeTarget "MechanicProUITests" */;
			buildPhases = (
				3EFBD3DA29670B2F000115F7 /* Sources */,
				3EFBD3DB29670B2F000115F7 /* Frameworks */,
				3EFBD3DC29670B2F000115F7 /* Resources */,
			);
			buildRules = (
			);
			dependencies = (
				3EFBD3E029670B2F000115F7 /* PBXTargetDependency */,
			);
			name = MechanicProUITests;
			productName = MechanicProUITests;
			productReference = 3EFBD3DE29670B2F000115F7 /* MechanicProUITests.xctest */;
			productType = "com.apple.product-type.bundle.ui-testing";
		};
/* End PBXNativeTarget section */

/* Begin PBXProject section */
		3EFBD3B629670B2D000115F7 /* Project object */ = {
			isa = PBXProject;
			attributes = {
				BuildIndependentTargetsInParallel = 1;
				LastSwiftUpdateCheck = 1400;
				LastUpgradeCheck = 1400;
				TargetAttributes = {
					3EFBD3BD29670B2D000115F7 = {
						CreatedOnToolsVersion = 14.0.1;
					};
					3EFBD3D329670B2F000115F7 = {
						CreatedOnToolsVersion = 14.0.1;
						TestTargetID = 3EFBD3BD29670B2D000115F7;
					};
					3EFBD3DD29670B2F000115F7 = {
						CreatedOnToolsVersion = 14.0.1;
						TestTargetID = 3EFBD3BD29670B2D000115F7;
					};
				};
			};
			buildConfigurationList = 3EFBD3B929670B2D000115F7 /* Build configuration list for PBXProject "MechanicPro" */;
			compatibilityVersion = "Xcode 14.0";
			developmentRegion = en;
			hasScannedForEncodings = 0;
			knownRegions = (
				en,
				Base,
			);
			mainGroup = 3EFBD3B529670B2D000115F7;
			productRefGroup = 3EFBD3BF29670B2D000115F7 /* Products */;
			projectDirPath = "";
			projectRoot = "";
			targets = (
				3EFBD3BD29670B2D000115F7 /* MechanicPro */,
				3EFBD3D329670B2F000115F7 /* MechanicProTests */,
				3EFBD3DD29670B2F000115F7 /* MechanicProUITests */,
			);
		};
/* End PBXProject section */

/* Begin PBXResourcesBuildPhase section */
		3EFBD3BC29670B2D000115F7 /* Resources */ = {
			isa = PBXResourcesBuildPhase;
			buildActionMask = 2147483647;
			files = (
				3EFBD3CE29670B2F000115F7 /* LaunchScreen.storyboard in Resources */,
				3EFBD3CB29670B2F000115F7 /* Assets.xcassets in Resources */,
				3EFBD3C929670B2D000115F7 /* Main.storyboard in Resources */,
			);
			runOnlyForDeploymentPostprocessing = 0;
		};
		3EFBD3D229670B2F000115F7 /* Resources */ = {
			isa = PBXResourcesBuildPhase;
			buildActionMask = 2147483647;
			files = (
			);
			runOnlyForDeploymentPostprocessing = 0;
		};
		3EFBD3DC29670B2F000115F7 /* Resources */ = {
			isa = PBXResourcesBuildPhase;
			buildActionMask = 2147483647;
			files = (
			);
			runOnlyForDeploymentPostprocessing = 0;
		};
/* End PBXResourcesBuildPhase section */

/* Begin PBXSourcesBuildPhase section */
		3EFBD3BA29670B2D000115F7 /* Sources */ = {
			isa = PBXSourcesBuildPhase;
			buildActionMask = 2147483647;
			files = (
				3EFBD3F429677518000115F7 /* LoginViewController.swift in Sources */,
				3EFBD3C629670B2D000115F7 /* ViewController.swift in Sources */,
				3EFBD3F8296798F4000115F7 /* DetailedViewController.swift in Sources */,
				3EFBD3C229670B2D000115F7 /* AppDelegate.swift in Sources */,
				3EFBD3F629678691000115F7 /* MyCollectionCell1.swift in Sources */,
				3EFBD3C429670B2D000115F7 /* SceneDelegate.swift in Sources */,
			);
			runOnlyForDeploymentPostprocessing = 0;
		};
		3EFBD3D029670B2F000115F7 /* Sources */ = {
			isa = PBXSourcesBuildPhase;
			buildActionMask = 2147483647;
			files = (
				3EFBD3D929670B2F000115F7 /* MechanicProTests.swift in Sources */,
			);
			runOnlyForDeploymentPostprocessing = 0;
		};
		3EFBD3DA29670B2F000115F7 /* Sources */ = {
			isa = PBXSourcesBuildPhase;
			buildActionMask = 2147483647;
			files = (
				3EFBD3E529670B2F000115F7 /* MechanicProUITestsLaunchTests.swift in Sources */,
				3EFBD3E329670B2F000115F7 /* MechanicProUITests.swift in Sources */,
			);
			runOnlyForDeploymentPostprocessing = 0;
		};
/* End PBXSourcesBuildPhase section */

/* Begin PBXTargetDependency section */
		3EFBD3D629670B2F000115F7 /* PBXTargetDependency */ = {
			isa = PBXTargetDependency;
			target = 3EFBD3BD29670B2D000115F7 /* MechanicPro */;
			targetProxy = 3EFBD3D529670B2F000115F7 /* PBXContainerItemProxy */;
		};
		3EFBD3E029670B2F000115F7 /* PBXTargetDependency */ = {
			isa = PBXTargetDependency;
			target = 3EFBD3BD29670B2D000115F7 /* MechanicPro */;
			targetProxy = 3EFBD3DF29670B2F000115F7 /* PBXContainerItemProxy */;
		};
/* End PBXTargetDependency section */

/* Begin PBXVariantGroup section */
		3EFBD3C729670B2D000115F7 /* Main.storyboard */ = {
			isa = PBXVariantGroup;
			children = (
				3EFBD3C829670B2D000115F7 /* Base */,
			);
			name = Main.storyboard;
			sourceTree = "<group>";
		};
		3EFBD3CC29670B2F000115F7 /* LaunchScreen.storyboard */ = {
			isa = PBXVariantGroup;
			children = (
				3EFBD3CD29670B2F000115F7 /* Base */,
			);
			name = LaunchScreen.storyboard;
			sourceTree = "<group>";
		};
/* End PBXVariantGroup section */

/* Begin XCBuildConfiguration section */
		3EFBD3E629670B2F000115F7 /* Debug */ = {
			isa = XCBuildConfiguration;
			buildSettings = {
				ALWAYS_SEARCH_USER_PATHS = NO;
				CLANG_ANALYZER_NONNULL = YES;
				CLANG_ANALYZER_NUMBER_OBJECT_CONVERSION = YES_AGGRESSIVE;
				CLANG_CXX_LANGUAGE_STANDARD = "gnu++20";
				CLANG_ENABLE_MODULES = YES;
				CLANG_ENABLE_OBJC_ARC = YES;
				CLANG_ENABLE_OBJC_WEAK = YES;
				CLANG_WARN_BLOCK_CAPTURE_AUTORELEASING = YES;
				CLANG_WARN_BOOL_CONVERSION = YES;
				CLANG_WARN_COMMA = YES;
				CLANG_WARN_CONSTANT_CONVERSION = YES;
				CLANG_WARN_DEPRECATED_OBJC_IMPLEMENTATIONS = YES;
				CLANG_WARN_DIRECT_OBJC_ISA_USAGE = YES_ERROR;
				CLANG_WARN_DOCUMENTATION_COMMENTS = YES;
				CLANG_WARN_EMPTY_BODY = YES;
				CLANG_WARN_ENUM_CONVERSION = YES;
				CLANG_WARN_INFINITE_RECURSION = YES;
				CLANG_WARN_INT_CONVERSION = YES;
				CLANG_WARN_NON_LITERAL_NULL_CONVERSION = YES;
				CLANG_WARN_OBJC_IMPLICIT_RETAIN_SELF = YES;
				CLANG_WARN_OBJC_LITERAL_CONVERSION = YES;
				CLANG_WARN_OBJC_ROOT_CLASS = YES_ERROR;
				CLANG_WARN_QUOTED_INCLUDE_IN_FRAMEWORK_HEADER = YES;
				CLANG_WARN_RANGE_LOOP_ANALYSIS = YES;
				CLANG_WARN_STRICT_PROTOTYPES = YES;
				CLANG_WARN_SUSPICIOUS_MOVE = YES;
				CLANG_WARN_UNGUARDED_AVAILABILITY = YES_AGGRESSIVE;
				CLANG_WARN_UNREACHABLE_CODE = YES;
				CLANG_WARN__DUPLICATE_METHOD_MATCH = YES;
				COPY_PHASE_STRIP = NO;
				DEBUG_INFORMATION_FORMAT = dwarf;
				ENABLE_STRICT_OBJC_MSGSEND = YES;
				ENABLE_TESTABILITY = YES;
				GCC_C_LANGUAGE_STANDARD = gnu11;
				GCC_DYNAMIC_NO_PIC = NO;
				GCC_NO_COMMON_BLOCKS = YES;
				GCC_OPTIMIZATION_LEVEL = 0;
				GCC_PREPROCESSOR_DEFINITIONS = (
					"DEBUG=1",
					"$(inherited)",
				);
				GCC_WARN_64_TO_32_BIT_CONVERSION = YES;
				GCC_WARN_ABOUT_RETURN_TYPE = YES_ERROR;
				GCC_WARN_UNDECLARED_SELECTOR = YES;
				GCC_WARN_UNINITIALIZED_AUTOS = YES_AGGRESSIVE;
				GCC_WARN_UNUSED_FUNCTION = YES;
				GCC_WARN_UNUSED_VARIABLE = YES;
				IPHONEOS_DEPLOYMENT_TARGET = 16.0;
				MTL_ENABLE_DEBUG_INFO = INCLUDE_SOURCE;
				MTL_FAST_MATH = YES;
				ONLY_ACTIVE_ARCH = YES;
				SDKROOT = iphoneos;
				SWIFT_ACTIVE_COMPILATION_CONDITIONS = DEBUG;
				SWIFT_OPTIMIZATION_LEVEL = "-Onone";
			};
			name = Debug;
		};
		3EFBD3E729670B2F000115F7 /* Release */ = {
			isa = XCBuildConfiguration;
			buildSettings = {
				ALWAYS_SEARCH_USER_PATHS = NO;
				CLANG_ANALYZER_NONNULL = YES;
				CLANG_ANALYZER_NUMBER_OBJECT_CONVERSION = YES_AGGRESSIVE;
				CLANG_CXX_LANGUAGE_STANDARD = "gnu++20";
				CLANG_ENABLE_MODULES = YES;
				CLANG_ENABLE_OBJC_ARC = YES;
				CLANG_ENABLE_OBJC_WEAK = YES;
				CLANG_WARN_BLOCK_CAPTURE_AUTORELEASING = YES;
				CLANG_WARN_BOOL_CONVERSION = YES;
				CLANG_WARN_COMMA = YES;
				CLANG_WARN_CONSTANT_CONVERSION = YES;
				CLANG_WARN_DEPRECATED_OBJC_IMPLEMENTATIONS = YES;
				CLANG_WARN_DIRECT_OBJC_ISA_USAGE = YES_ERROR;
				CLANG_WARN_DOCUMENTATION_COMMENTS = YES;
				CLANG_WARN_EMPTY_BODY = YES;
				CLANG_WARN_ENUM_CONVERSION = YES;
				CLANG_WARN_INFINITE_RECURSION = YES;
				CLANG_WARN_INT_CONVERSION = YES;
				CLANG_WARN_NON_LITERAL_NULL_CONVERSION = YES;
				CLANG_WARN_OBJC_IMPLICIT_RETAIN_SELF = YES;
				CLANG_WARN_OBJC_LITERAL_CONVERSION = YES;
				CLANG_WARN_OBJC_ROOT_CLASS = YES_ERROR;
				CLANG_WARN_QUOTED_INCLUDE_IN_FRAMEWORK_HEADER = YES;
				CLANG_WARN_RANGE_LOOP_ANALYSIS = YES;
				CLANG_WARN_STRICT_PROTOTYPES = YES;
				CLANG_WARN_SUSPICIOUS_MOVE = YES;
				CLANG_WARN_UNGUARDED_AVAILABILITY = YES_AGGRESSIVE;
				CLANG_WARN_UNREACHABLE_CODE = YES;
				CLANG_WARN__DUPLICATE_METHOD_MATCH = YES;
				COPY_PHASE_STRIP = NO;
				DEBUG_INFORMATION_FORMAT = "dwarf-with-dsym";
				ENABLE_NS_ASSERTIONS = NO;
				ENABLE_STRICT_OBJC_MSGSEND = YES;
				GCC_C_LANGUAGE_STANDARD = gnu11;
				GCC_NO_COMMON_BLOCKS = YES;
				GCC_WARN_64_TO_32_BIT_CONVERSION = YES;
				GCC_WARN_ABOUT_RETURN_TYPE = YES_ERROR;
				GCC_WARN_UNDECLARED_SELECTOR = YES;
				GCC_WARN_UNINITIALIZED_AUTOS = YES_AGGRESSIVE;
				GCC_WARN_UNUSED_FUNCTION = YES;
				GCC_WARN_UNUSED_VARIABLE = YES;
				IPHONEOS_DEPLOYMENT_TARGET = 16.0;
				MTL_ENABLE_DEBUG_INFO = NO;
				MTL_FAST_MATH = YES;
				SDKROOT = iphoneos;
				SWIFT_COMPILATION_MODE = wholemodule;
				SWIFT_OPTIMIZATION_LEVEL = "-O";
				VALIDATE_PRODUCT = YES;
			};
			name = Release;
		};
		3EFBD3E929670B2F000115F7 /* Debug */ = {
			isa = XCBuildConfiguration;
			buildSettings = {
				ASSETCATALOG_COMPILER_APPICON_NAME = AppIcon;
				ASSETCATALOG_COMPILER_GLOBAL_ACCENT_COLOR_NAME = AccentColor;
				CODE_SIGN_STYLE = Automatic;
				CURRENT_PROJECT_VERSION = 1;
				DEVELOPMENT_TEAM = 3LM2Y8Y8P2;
				GENERATE_INFOPLIST_FILE = YES;
				INFOPLIST_FILE = MechanicPro/Info.plist;
				INFOPLIST_KEY_UIApplicationSupportsIndirectInputEvents = YES;
				INFOPLIST_KEY_UILaunchStoryboardName = LaunchScreen;
				INFOPLIST_KEY_UIMainStoryboardFile = Main;
				INFOPLIST_KEY_UISupportedInterfaceOrientations_iPad = "UIInterfaceOrientationPortrait UIInterfaceOrientationPortraitUpsideDown UIInterfaceOrientationLandscapeLeft UIInterfaceOrientationLandscapeRight";
				INFOPLIST_KEY_UISupportedInterfaceOrientations_iPhone = "UIInterfaceOrientationPortrait UIInterfaceOrientationLandscapeLeft UIInterfaceOrientationLandscapeRight";
				LD_RUNPATH_SEARCH_PATHS = (
					"$(inherited)",
					"@executable_path/Frameworks",
				);
				MARKETING_VERSION = 1.0;
				PRODUCT_BUNDLE_IDENTIFIER = Testorg.MechanicPro;
				PRODUCT_NAME = "$(TARGET_NAME)";
				SWIFT_EMIT_LOC_STRINGS = YES;
				SWIFT_VERSION = 5.0;
				TARGETED_DEVICE_FAMILY = "1,2";
			};
			name = Debug;
		};
		3EFBD3EA29670B2F000115F7 /* Release */ = {
			isa = XCBuildConfiguration;
			buildSettings = {
				ASSETCATALOG_COMPILER_APPICON_NAME = AppIcon;
				ASSETCATALOG_COMPILER_GLOBAL_ACCENT_COLOR_NAME = AccentColor;
				CODE_SIGN_STYLE = Automatic;
				CURRENT_PROJECT_VERSION = 1;
				DEVELOPMENT_TEAM = 3LM2Y8Y8P2;
				GENERATE_INFOPLIST_FILE = YES;
				INFOPLIST_FILE = MechanicPro/Info.plist;
				INFOPLIST_KEY_UIApplicationSupportsIndirectInputEvents = YES;
				INFOPLIST_KEY_UILaunchStoryboardName = LaunchScreen;
				INFOPLIST_KEY_UIMainStoryboardFile = Main;
				INFOPLIST_KEY_UISupportedInterfaceOrientations_iPad = "UIInterfaceOrientationPortrait UIInterfaceOrientationPortraitUpsideDown UIInterfaceOrientationLandscapeLeft UIInterfaceOrientationLandscapeRight";
				INFOPLIST_KEY_UISupportedInterfaceOrientations_iPhone = "UIInterfaceOrientationPortrait UIInterfaceOrientationLandscapeLeft UIInterfaceOrientationLandscapeRight";
				LD_RUNPATH_SEARCH_PATHS = (
					"$(inherited)",
					"@executable_path/Frameworks",
				);
				MARKETING_VERSION = 1.0;
				PRODUCT_BUNDLE_IDENTIFIER = Testorg.MechanicPro;
				PRODUCT_NAME = "$(TARGET_NAME)";
				SWIFT_EMIT_LOC_STRINGS = YES;
				SWIFT_VERSION = 5.0;
				TARGETED_DEVICE_FAMILY = "1,2";
			};
			name = Release;
		};
		3EFBD3EC29670B2F000115F7 /* Debug */ = {
			isa = XCBuildConfiguration;
			buildSettings = {
				ALWAYS_EMBED_SWIFT_STANDARD_LIBRARIES = YES;
				BUNDLE_LOADER = "$(TEST_HOST)";
				CODE_SIGN_STYLE = Automatic;
				CURRENT_PROJECT_VERSION = 1;
				DEVELOPMENT_TEAM = 3LM2Y8Y8P2;
				GENERATE_INFOPLIST_FILE = YES;
				IPHONEOS_DEPLOYMENT_TARGET = 16.0;
				MARKETING_VERSION = 1.0;
				PRODUCT_BUNDLE_IDENTIFIER = Testorg.MechanicProTests;
				PRODUCT_NAME = "$(TARGET_NAME)";
				SWIFT_EMIT_LOC_STRINGS = NO;
				SWIFT_VERSION = 5.0;
				TARGETED_DEVICE_FAMILY = "1,2";
				TEST_HOST = "$(BUILT_PRODUCTS_DIR)/MechanicPro.app/$(BUNDLE_EXECUTABLE_FOLDER_PATH)/MechanicPro";
			};
			name = Debug;
		};
		3EFBD3ED29670B2F000115F7 /* Release */ = {
			isa = XCBuildConfiguration;
			buildSettings = {
				ALWAYS_EMBED_SWIFT_STANDARD_LIBRARIES = YES;
				BUNDLE_LOADER = "$(TEST_HOST)";
				CODE_SIGN_STYLE = Automatic;
				CURRENT_PROJECT_VERSION = 1;
				DEVELOPMENT_TEAM = 3LM2Y8Y8P2;
				GENERATE_INFOPLIST_FILE = YES;
				IPHONEOS_DEPLOYMENT_TARGET = 16.0;
				MARKETING_VERSION = 1.0;
				PRODUCT_BUNDLE_IDENTIFIER = Testorg.MechanicProTests;
				PRODUCT_NAME = "$(TARGET_NAME)";
				SWIFT_EMIT_LOC_STRINGS = NO;
				SWIFT_VERSION = 5.0;
				TARGETED_DEVICE_FAMILY = "1,2";
				TEST_HOST = "$(BUILT_PRODUCTS_DIR)/MechanicPro.app/$(BUNDLE_EXECUTABLE_FOLDER_PATH)/MechanicPro";
			};
			name = Release;
		};
		3EFBD3EF29670B2F000115F7 /* Debug */ = {
			isa = XCBuildConfiguration;
			buildSettings = {
				ALWAYS_EMBED_SWIFT_STANDARD_LIBRARIES = YES;
				CODE_SIGN_STYLE = Automatic;
				CURRENT_PROJECT_VERSION = 1;
				DEVELOPMENT_TEAM = 3LM2Y8Y8P2;
				GENERATE_INFOPLIST_FILE = YES;
				MARKETING_VERSION = 1.0;
				PRODUCT_BUNDLE_IDENTIFIER = Testorg.MechanicProUITests;
				PRODUCT_NAME = "$(TARGET_NAME)";
				SWIFT_EMIT_LOC_STRINGS = NO;
				SWIFT_VERSION = 5.0;
				TARGETED_DEVICE_FAMILY = "1,2";
				TEST_TARGET_NAME = MechanicPro;
			};
			name = Debug;
		};
		3EFBD3F029670B2F000115F7 /* Release */ = {
			isa = XCBuildConfiguration;
			buildSettings = {
				ALWAYS_EMBED_SWIFT_STANDARD_LIBRARIES = YES;
				CODE_SIGN_STYLE = Automatic;
				CURRENT_PROJECT_VERSION = 1;
				DEVELOPMENT_TEAM = 3LM2Y8Y8P2;
				GENERATE_INFOPLIST_FILE = YES;
				MARKETING_VERSION = 1.0;
				PRODUCT_BUNDLE_IDENTIFIER = Testorg.MechanicProUITests;
				PRODUCT_NAME = "$(TARGET_NAME)";
				SWIFT_EMIT_LOC_STRINGS = NO;
				SWIFT_VERSION = 5.0;
				TARGETED_DEVICE_FAMILY = "1,2";
				TEST_TARGET_NAME = MechanicPro;
			};
			name = Release;
		};
/* End XCBuildConfiguration section */

/* Begin XCConfigurationList section */
		3EFBD3B929670B2D000115F7 /* Build configuration list for PBXProject "MechanicPro" */ = {
			isa = XCConfigurationList;
			buildConfigurations = (
				3EFBD3E629670B2F000115F7 /* Debug */,
				3EFBD3E729670B2F000115F7 /* Release */,
			);
			defaultConfigurationIsVisible = 0;
			defaultConfigurationName = Release;
		};
		3EFBD3E829670B2F000115F7 /* Build configuration list for PBXNativeTarget "MechanicPro" */ = {
			isa = XCConfigurationList;
			buildConfigurations = (
				3EFBD3E929670B2F000115F7 /* Debug */,
				3EFBD3EA29670B2F000115F7 /* Release */,
			);
			defaultConfigurationIsVisible = 0;
			defaultConfigurationName = Release;
		};
		3EFBD3EB29670B2F000115F7 /* Build configuration list for PBXNativeTarget "MechanicProTests" */ = {
			isa = XCConfigurationList;
			buildConfigurations = (
				3EFBD3EC29670B2F000115F7 /* Debug */,
				3EFBD3ED29670B2F000115F7 /* Release */,
			);
			defaultConfigurationIsVisible = 0;
			defaultConfigurationName = Release;
		};
		3EFBD3EE29670B2F000115F7 /* Build configuration list for PBXNativeTarget "MechanicProUITests" */ = {
			isa = XCConfigurationList;
			buildConfigurations = (
				3EFBD3EF29670B2F000115F7 /* Debug */,
				3EFBD3F029670B2F000115F7 /* Release */,
			);
			defaultConfigurationIsVisible = 0;
			defaultConfigurationName = Release;
		};
/* End XCConfigurationList section */
	};
	rootObject = 3EFBD3B629670B2D000115F7 /* Project object */;
}
